
Microsoft Visual Studio Solution File, Format Version 12.00
# Visual Studio Version 16
VisualStudioVersion = 16.0.29911.84
MinimumVisualStudioVersion = 10.0.40219.1
Project("{2150E333-8FDC-42A3-9474-1A3956D46DE8}") = "ActionHandlers", "ActionHandlers", "{785D8333-1801-4ED9-85D0-50AE561CC8F3}"
EndProject
Project("{FAE04EC0-301F-11D3-BF4B-00C04F79EFBC}") = "NotificationSender", "ActionHandlers\NotificationSender\NotificationSender.csproj", "{32E66E83-A6EE-4237-9328-2FCAC2658103}"
EndProject
Project("{2150E333-8FDC-42A3-9474-1A3956D46DE8}") = "PL", "PL", "{16C136DC-F746-463C-ACCF-2CA09147A2BD}"
EndProject
Global
	GlobalSection(SolutionConfigurationPlatforms) = preSolution
		Debug|Any CPU = Debug|Any CPU
		Release|Any CPU = Release|Any CPU
	EndGlobalSection
	GlobalSection(ProjectConfigurationPlatforms) = postSolution
		{32E66E83-A6EE-4237-9328-2FCAC2658103}.Debug|Any CPU.ActiveCfg = Debug|Any CPU
		{32E66E83-A6EE-4237-9328-2FCAC2658103}.Debug|Any CPU.Build.0 = Debug|Any CPU
		{32E66E83-A6EE-4237-9328-2FCAC2658103}.Release|Any CPU.ActiveCfg = Release|Any CPU
		{32E66E83-A6EE-4237-9328-2FCAC2658103}.Release|Any CPU.Build.0 = Release|Any CPU
	EndGlobalSection
	GlobalSection(SolutionProperties) = preSolution
		HideSolutionNode = FALSE
	EndGlobalSection
	GlobalSection(NestedProjects) = preSolution
		{32E66E83-A6EE-4237-9328-2FCAC2658103} = {785D8333-1801-4ED9-85D0-50AE561CC8F3}
	EndGlobalSection
	GlobalSection(ExtensibilityGlobals) = postSolution
		SolutionGuid = {BE1C6CA8-2BBE-4A0C-A0B3-05D7C2825701}
	EndGlobalSection
EndGlobal
